
Microsoft Visual Studio Solution File, Format Version 12.00
# Visual Studio 15
VisualStudioVersion = 15.0.27004.2008
MinimumVisualStudioVersion = 10.0.40219.1
Project("{9A19103F-16F7-4668-BE54-9A1E7A4F7556}") = "csharp-cgdk", "csharp-cgdk.csproj", "{611DADAA-E796-4051-B0AC-3A47C95A45DC}"
EndProject
Global
	GlobalSection(SolutionConfigurationPlatforms) = preSolution
		Debug|Any CPU = Debug|Any CPU
		Release|Any CPU = Release|Any CPU
	EndGlobalSection
	GlobalSection(ProjectConfigurationPlatforms) = postSolution
		{611DADAA-E796-4051-B0AC-3A47C95A45DC}.Debug|Any CPU.ActiveCfg = Debug|Any CPU
		{611DADAA-E796-4051-B0AC-3A47C95A45DC}.Debug|Any CPU.Build.0 = Debug|Any CPU
		{611DADAA-E796-4051-B0AC-3A47C95A45DC}.Release|Any CPU.ActiveCfg = Release|Any CPU
		{611DADAA-E796-4051-B0AC-3A47C95A45DC}.Release|Any CPU.Build.0 = Release|Any CPU
	EndGlobalSection
	GlobalSection(SolutionProperties) = preSolution
		HideSolutionNode = FALSE
	EndGlobalSection
	GlobalSection(ExtensibilityGlobals) = postSolution
		SolutionGuid = {0E725EAB-2BB0-4278-B35F-D360DC2082F4}
	EndGlobalSection
EndGlobal
